
Microsoft Visual Studio Solution File, Format Version 12.00
# Visual Studio Version 17
VisualStudioVersion = 17.8.34330.188
MinimumVisualStudioVersion = 10.0.40219.1
Project("{FAE04EC0-301F-11D3-BF4B-00C04F79EFBC}") = "WSMExporterApp", "WSMExporterApp\WSMExporterApp.csproj", "{F3E95C46-CE14-4625-A5BC-D431C06C1D8E}"
EndProject
Global
	GlobalSection(SolutionConfigurationPlatforms) = preSolution
		Debug|Any CPU = Debug|Any CPU
		Release|Any CPU = Release|Any CPU
	EndGlobalSection
	GlobalSection(ProjectConfigurationPlatforms) = postSolution
		{F3E95C46-CE14-4625-A5BC-D431C06C1D8E}.Debug|Any CPU.ActiveCfg = Debug|Any CPU
		{F3E95C46-CE14-4625-A5BC-D431C06C1D8E}.Debug|Any CPU.Build.0 = Debug|Any CPU
		{F3E95C46-CE14-4625-A5BC-D431C06C1D8E}.Release|Any CPU.ActiveCfg = Release|Any CPU
		{F3E95C46-CE14-4625-A5BC-D431C06C1D8E}.Release|Any CPU.Build.0 = Release|Any CPU
	EndGlobalSection
	GlobalSection(SolutionProperties) = preSolution
		HideSolutionNode = FALSE
	EndGlobalSection
	GlobalSection(ExtensibilityGlobals) = postSolution
		SolutionGuid = {F4F892CB-A1DC-416C-80EA-D6A2BDF57DA1}
	EndGlobalSection
EndGlobal
